
Microsoft Visual Studio Solution File, Format Version 12.00
# Visual Studio 15
VisualStudioVersion = 15.0.28307.102
MinimumVisualStudioVersion = 10.0.40219.1
Project("{2150E333-8FDC-42A3-9474-1A3956D46DE8}") = ".config", ".config", "{0866DD39-8370-4856-A2C1-C0AFCF139739}"
	ProjectSection(SolutionItems) = preProject
		.editorconfig = .editorconfig
		.gitattributes = .gitattributes
		.gitignore = .gitignore
		src\Project\Common\website\App_Config\Environment\CoreySmith\CoreySmith.Project.Common.Dev.config = src\Project\Common\website\App_Config\Environment\CoreySmith\CoreySmith.Project.Common.Dev.config
		NuGet.config = NuGet.config
		PublishSettings.targets = PublishSettings.targets
	EndProjectSection
EndProject
Project("{2150E333-8FDC-42A3-9474-1A3956D46DE8}") = "Project", "Project", "{D91BD353-5630-4340-A833-65D2BCACAE39}"
EndProject
Project("{FAE04EC0-301F-11D3-BF4B-00C04F79EFBC}") = "CoreySmith.Project.Common", "src\Project\Common\website\CoreySmith.Project.Common.csproj", "{969D7CCF-1890-4F21-88DD-EE8D459F7F9E}"
EndProject
Project("{2150E333-8FDC-42A3-9474-1A3956D46DE8}") = "Foundation", "Foundation", "{C320022B-54CF-45A8-918F-102A067BD755}"
EndProject
Project("{FAE04EC0-301F-11D3-BF4B-00C04F79EFBC}") = "CoreySmith.Foundation.Serialization", "src\Foundation\Serialization\website\CoreySmith.Foundation.Serialization.csproj", "{03567124-F93E-4F9A-98E5-EC0084EFE5F0}"
EndProject
Project("{FAE04EC0-301F-11D3-BF4B-00C04F79EFBC}") = "CoreySmith.Project.SxaRocks", "src\Project\SxaRocks\website\CoreySmith.Project.SxaRocks.csproj", "{FBC32F14-A2FE-4CCA-8E84-7C11F7497A8A}"
EndProject
Project("{2150E333-8FDC-42A3-9474-1A3956D46DE8}") = "Feature", "Feature", "{0EDE63C1-890A-475A-941F-98A8970128E6}"
EndProject
Project("{FAE04EC0-301F-11D3-BF4B-00C04F79EFBC}") = "CoreySmith.Feature.ErrorHandling", "src\Feature\ErrorHandling\website\CoreySmith.Feature.ErrorHandling.csproj", "{7B85B0E3-8379-4517-80FC-021BDE68AD71}"
EndProject
Global
	GlobalSection(SolutionConfigurationPlatforms) = preSolution
		Debug|Any CPU = Debug|Any CPU
		Release|Any CPU = Release|Any CPU
	EndGlobalSection
	GlobalSection(ProjectConfigurationPlatforms) = postSolution
		{969D7CCF-1890-4F21-88DD-EE8D459F7F9E}.Debug|Any CPU.ActiveCfg = Debug|Any CPU
		{969D7CCF-1890-4F21-88DD-EE8D459F7F9E}.Debug|Any CPU.Build.0 = Debug|Any CPU
		{969D7CCF-1890-4F21-88DD-EE8D459F7F9E}.Release|Any CPU.ActiveCfg = Release|Any CPU
		{969D7CCF-1890-4F21-88DD-EE8D459F7F9E}.Release|Any CPU.Build.0 = Release|Any CPU
		{03567124-F93E-4F9A-98E5-EC0084EFE5F0}.Debug|Any CPU.ActiveCfg = Debug|Any CPU
		{03567124-F93E-4F9A-98E5-EC0084EFE5F0}.Debug|Any CPU.Build.0 = Debug|Any CPU
		{03567124-F93E-4F9A-98E5-EC0084EFE5F0}.Release|Any CPU.ActiveCfg = Release|Any CPU
		{03567124-F93E-4F9A-98E5-EC0084EFE5F0}.Release|Any CPU.Build.0 = Release|Any CPU
		{FBC32F14-A2FE-4CCA-8E84-7C11F7497A8A}.Debug|Any CPU.ActiveCfg = Debug|Any CPU
		{FBC32F14-A2FE-4CCA-8E84-7C11F7497A8A}.Debug|Any CPU.Build.0 = Debug|Any CPU
		{FBC32F14-A2FE-4CCA-8E84-7C11F7497A8A}.Release|Any CPU.ActiveCfg = Release|Any CPU
		{FBC32F14-A2FE-4CCA-8E84-7C11F7497A8A}.Release|Any CPU.Build.0 = Release|Any CPU
		{7B85B0E3-8379-4517-80FC-021BDE68AD71}.Debug|Any CPU.ActiveCfg = Debug|Any CPU
		{7B85B0E3-8379-4517-80FC-021BDE68AD71}.Debug|Any CPU.Build.0 = Debug|Any CPU
		{7B85B0E3-8379-4517-80FC-021BDE68AD71}.Release|Any CPU.ActiveCfg = Release|Any CPU
		{7B85B0E3-8379-4517-80FC-021BDE68AD71}.Release|Any CPU.Build.0 = Release|Any CPU
	EndGlobalSection
	GlobalSection(SolutionProperties) = preSolution
		HideSolutionNode = FALSE
	EndGlobalSection
	GlobalSection(NestedProjects) = preSolution
		{969D7CCF-1890-4F21-88DD-EE8D459F7F9E} = {D91BD353-5630-4340-A833-65D2BCACAE39}
		{03567124-F93E-4F9A-98E5-EC0084EFE5F0} = {C320022B-54CF-45A8-918F-102A067BD755}
		{FBC32F14-A2FE-4CCA-8E84-7C11F7497A8A} = {D91BD353-5630-4340-A833-65D2BCACAE39}
		{7B85B0E3-8379-4517-80FC-021BDE68AD71} = {0EDE63C1-890A-475A-941F-98A8970128E6}
	EndGlobalSection
	GlobalSection(ExtensibilityGlobals) = postSolution
		SolutionGuid = {5AE4121B-8E87-41F8-B61F-894506689886}
	EndGlobalSection
EndGlobal
